<?xml version="1.0" encoding="utf-8"?>
<Project ToolsVersion="4.0" xmlns="http://schemas.microsoft.com/developer/msbuild/2003">
  <ItemGroup>
    <Filter Include="Source Files">
      <UniqueIdentifier>{4FC737F1-C7A5-4376-A066-2A32D752A2FF}</UniqueIdentifier>
      <Extensions>cpp;c;cc;cxx;def;odl;idl;hpj;bat;asm;asmx</Extensions>
    </Filter>
    <Filter Include="Header Files">
      <UniqueIdentifier>{93995380-89BD-4b04-88EB-625FBE52EBFB}</UniqueIdentifier>
      <Extensions>h;hh;hpp;hxx;hm;inl;inc;xsd</Extensions>
    </Filter>
    <Filter Include="Resource Files">
      <UniqueIdentifier>{67DA6AB6-F800-4c08-8B7A-83BB121AAD01}</UniqueIdentifier>
      <Extensions>rc;ico;cur;bmp;dlg;rc2;rct;bin;rgs;gif;jpg;jpeg;jpe;resx;tiff;tif;png;wav;mfcribbon-ms</Extensions>
    </Filter>
    <Filter Include="Library">
      <UniqueIdentifier>{0cd58567-3e2b-4368-9ba6-2457a43fc33d}</UniqueIdentifier>
    </Filter>
    <Filter Include="Library\midifile">
      <UniqueIdentifier>{cbcb68c5-d629-48e7-9532-0afd117d054e}</UniqueIdentifier>
    </Filter>
    <Filter Include="Library\rtmidi">
      <UniqueIdentifier>{50afebc5-47ac-4d38-9304-fae3474983b0}</UniqueIdentifier>
    </Filter>
    <Filter Include="Doc">
      <UniqueIdentifier>{21780fb6-0ef3-4bee-9d93-4da656137c1a}</UniqueIdentifier>
    </Filter>
    <Filter Include="licenses">
      <UniqueIdentifier>{202d856d-4032-41c7-9ac2-529b503965dc}</UniqueIdentifier>
    </Filter>
    <Filter Include="config">
      <UniqueIdentifier>{f3149942-9c88-414f-b0b7-a8e572063a77}</UniqueIdentifier>
    </Filter>
    <Filter Include="config\lol">
      <UniqueIdentifier>{741d339b-fb6a-46ee-9b02-46a15e63d469}</UniqueIdentifier>
    </Filter>
  </ItemGroup>
  <ItemGroup>
    <ClInclude Include="lib\midifile\Binasc.h">
      <Filter>Library\midifile</Filter>
    </ClInclude>
    <ClInclude Include="lib\midifile\MidiEvent.h">
      <Filter>Library\midifile</Filter>
    </ClInclude>
    <ClInclude Include="lib\midifile\MidiEventList.h">
      <Filter>Library\midifile</Filter>
    </ClInclude>
    <ClInclude Include="lib\midifile\MidiFile.h">
      <Filter>Library\midifile</Filter>
    </ClInclude>
    <ClInclude Include="lib\midifile\MidiMessage.h">
      <Filter>Library\midifile</Filter>
    </ClInclude>
    <ClInclude Include="lib\midifile\Options.h">
      <Filter>Library\midifile</Filter>
    </ClInclude>
    <ClInclude Include="lib\rtmidi\RtMidi.h">
      <Filter>Library\rtmidi</Filter>
    </ClInclude>
    <ClInclude Include="lib\rtmidi\rtmidi_c.h">
      <Filter>Library\rtmidi</Filter>
    </ClInclude>
    <ClInclude Include="lib\lpdgamer\extravk.h">
      <Filter>Library</Filter>
    </ClInclude>
    <ClInclude Include="lib\lpdgamer\inputagent.h">
      <Filter>Library</Filter>
    </ClInclude>
    <ClInclude Include="lib\lpdgamer\launchpad.h">
      <Filter>Library</Filter>
    </ClInclude>
    <ClInclude Include="lib\lpdgamer\mapper.h">
      <Filter>Library</Filter>
    </ClInclude>
    <ClInclude Include="lib\lpdgamer\padstatus.h">
      <Filter>Library</Filter>
    </ClInclude>
  </ItemGroup>
  <ItemGroup>
    <ClCompile Include="test.cpp">
      <Filter>Source Files</Filter>
    </ClCompile>
    <ClCompile Include="lib\midifile\Binasc.cpp">
      <Filter>Library\midifile</Filter>
    </ClCompile>
    <ClCompile Include="lib\midifile\MidiEvent.cpp">
      <Filter>Library\midifile</Filter>
    </ClCompile>
    <ClCompile Include="lib\midifile\MidiEventList.cpp">
      <Filter>Library\midifile</Filter>
    </ClCompile>
    <ClCompile Include="lib\midifile\MidiFile.cpp">
      <Filter>Library\midifile</Filter>
    </ClCompile>
    <ClCompile Include="lib\midifile\MidiMessage.cpp">
      <Filter>Library\midifile</Filter>
    </ClCompile>
    <ClCompile Include="lib\midifile\Options.cpp">
      <Filter>Library\midifile</Filter>
    </ClCompile>
    <ClCompile Include="lib\rtmidi\RtMidi.cpp">
      <Filter>Library\rtmidi</Filter>
    </ClCompile>
    <ClCompile Include="lib\rtmidi\rtmidi_c.cpp">
      <Filter>Library\rtmidi</Filter>
    </ClCompile>
    <ClCompile Include="lib\lpdgamer\inputagent.cpp">
      <Filter>Library</Filter>
    </ClCompile>
    <ClCompile Include="lib\lpdgamer\launchpad.cpp">
      <Filter>Library</Filter>
    </ClCompile>
    <ClCompile Include="lib\lpdgamer\mapper.cpp">
      <Filter>Library</Filter>
    </ClCompile>
    <ClCompile Include="lib\lpdgamer\padstatus.cpp">
      <Filter>Library</Filter>
    </ClCompile>
  </ItemGroup>
  <ItemGroup>
    <None Include="..\README.md">
      <Filter>Doc</Filter>
    </None>
    <None Include="config\lol\keymap.ini">
      <Filter>config\lol</Filter>
    </None>
    <None Include="config\lol\light.ini">
      <Filter>config\lol</Filter>
    </None>
  </ItemGroup>
  <ItemGroup>
    <Text Include="..\licenses\launchpadgamer.txt">
      <Filter>licenses</Filter>
    </Text>
    <Text Include="..\licenses\libmidifile.txt">
      <Filter>licenses</Filter>
    </Text>
    <Text Include="..\licenses\librtmidi.txt">
      <Filter>licenses</Filter>
    </Text>
    <Text Include="..\licenses\lightpad.txt">
      <Filter>licenses</Filter>
    </Text>
  </ItemGroup>
</Project>